// !$*UTF8*$!
{
	archiveVersion = 1;
	classes = {
	};
	objectVersion = 50;
	objects = {

/* Begin PBXBuildFile section */
		1F02F88C230031F50077939B /* ExcursionList.swift in Sources */ = {isa = PBXBuildFile; fileRef = 1F02F88B230031F50077939B /* ExcursionList.swift */; };
		1F5D1C6622F596DA004BA827 /* ImageTableViewCell.swift in Sources */ = {isa = PBXBuildFile; fileRef = 1F5D1C6522F596DA004BA827 /* ImageTableViewCell.swift */; };
		ED7909C122EB591700469C7A /* AppDelegate.swift in Sources */ = {isa = PBXBuildFile; fileRef = ED7909C022EB591700469C7A /* AppDelegate.swift */; };
		ED7909C322EB591700469C7A /* ViewController.swift in Sources */ = {isa = PBXBuildFile; fileRef = ED7909C222EB591700469C7A /* ViewController.swift */; };
		ED7909C622EB591700469C7A /* Main.storyboard in Resources */ = {isa = PBXBuildFile; fileRef = ED7909C422EB591700469C7A /* Main.storyboard */; };
		ED7909C822EB591900469C7A /* Assets.xcassets in Resources */ = {isa = PBXBuildFile; fileRef = ED7909C722EB591900469C7A /* Assets.xcassets */; };
		ED7909CB22EB591900469C7A /* LaunchScreen.storyboard in Resources */ = {isa = PBXBuildFile; fileRef = ED7909C922EB591900469C7A /* LaunchScreen.storyboard */; };
		ED7909D322EB5C9700469C7A /* About.storyboard in Resources */ = {isa = PBXBuildFile; fileRef = ED7909D222EB5C9700469C7A /* About.storyboard */; };
		ED7909D522EB643000469C7A /* ExcursionViewController.swift in Sources */ = {isa = PBXBuildFile; fileRef = ED7909D422EB643000469C7A /* ExcursionViewController.swift */; };
		EDD8DF3822F22F3800A53707 /* ExcursionListViewController.swift in Sources */ = {isa = PBXBuildFile; fileRef = EDD8DF3722F22F3800A53707 /* ExcursionListViewController.swift */; };
		EDD8DF3A22F235D200A53707 /* TransferViewController.swift in Sources */ = {isa = PBXBuildFile; fileRef = EDD8DF3922F235D200A53707 /* TransferViewController.swift */; };
		EDD8DF3C22F56B7600A53707 /* ProfileViewController.swift in Sources */ = {isa = PBXBuildFile; fileRef = EDD8DF3B22F56B7600A53707 /* ProfileViewController.swift */; };
		EDD8DF3E22F56BF400A53707 /* RegistrationViewController.swift in Sources */ = {isa = PBXBuildFile; fileRef = EDD8DF3D22F56BF400A53707 /* RegistrationViewController.swift */; };
		EDD8DF4022F56CDF00A53707 /* YoursProfileViewController.swift in Sources */ = {isa = PBXBuildFile; fileRef = EDD8DF3F22F56CDF00A53707 /* YoursProfileViewController.swift */; };
/* End PBXBuildFile section */

/* Begin PBXFileReference section */
		1F02F88B230031F50077939B /* ExcursionList.swift */ = {isa = PBXFileReference; fileEncoding = 4; lastKnownFileType = sourcecode.swift; path = ExcursionList.swift; sourceTree = "<group>"; };
		1F5D1C6522F596DA004BA827 /* ImageTableViewCell.swift */ = {isa = PBXFileReference; lastKnownFileType = sourcecode.swift; path = ImageTableViewCell.swift; sourceTree = "<group>"; };
		ED7909BD22EB591700469C7A /* EuropeanTravelPartner.app */ = {isa = PBXFileReference; explicitFileType = wrapper.application; includeInIndex = 0; path = EuropeanTravelPartner.app; sourceTree = BUILT_PRODUCTS_DIR; };
		ED7909C022EB591700469C7A /* AppDelegate.swift */ = {isa = PBXFileReference; lastKnownFileType = sourcecode.swift; path = AppDelegate.swift; sourceTree = "<group>"; };
		ED7909C222EB591700469C7A /* ViewController.swift */ = {isa = PBXFileReference; lastKnownFileType = sourcecode.swift; path = ViewController.swift; sourceTree = "<group>"; };
		ED7909C522EB591700469C7A /* Base */ = {isa = PBXFileReference; lastKnownFileType = file.storyboard; name = Base; path = Base.lproj/Main.storyboard; sourceTree = "<group>"; };
		ED7909C722EB591900469C7A /* Assets.xcassets */ = {isa = PBXFileReference; lastKnownFileType = folder.assetcatalog; path = Assets.xcassets; sourceTree = "<group>"; };
		ED7909CA22EB591900469C7A /* Base */ = {isa = PBXFileReference; lastKnownFileType = file.storyboard; name = Base; path = Base.lproj/LaunchScreen.storyboard; sourceTree = "<group>"; };
		ED7909CC22EB591900469C7A /* Info.plist */ = {isa = PBXFileReference; lastKnownFileType = text.plist.xml; path = Info.plist; sourceTree = "<group>"; };
		ED7909D222EB5C9700469C7A /* About.storyboard */ = {isa = PBXFileReference; lastKnownFileType = file.storyboard; path = About.storyboard; sourceTree = "<group>"; };
		ED7909D422EB643000469C7A /* ExcursionViewController.swift */ = {isa = PBXFileReference; lastKnownFileType = sourcecode.swift; path = ExcursionViewController.swift; sourceTree = "<group>"; };
		EDD8DF3722F22F3800A53707 /* ExcursionListViewController.swift */ = {isa = PBXFileReference; lastKnownFileType = sourcecode.swift; path = ExcursionListViewController.swift; sourceTree = "<group>"; };
		EDD8DF3922F235D200A53707 /* TransferViewController.swift */ = {isa = PBXFileReference; lastKnownFileType = sourcecode.swift; path = TransferViewController.swift; sourceTree = "<group>"; };
		EDD8DF3B22F56B7600A53707 /* ProfileViewController.swift */ = {isa = PBXFileReference; lastKnownFileType = sourcecode.swift; path = ProfileViewController.swift; sourceTree = "<group>"; };
		EDD8DF3D22F56BF400A53707 /* RegistrationViewController.swift */ = {isa = PBXFileReference; lastKnownFileType = sourcecode.swift; path = RegistrationViewController.swift; sourceTree = "<group>"; };
		EDD8DF3F22F56CDF00A53707 /* YoursProfileViewController.swift */ = {isa = PBXFileReference; lastKnownFileType = sourcecode.swift; path = YoursProfileViewController.swift; sourceTree = "<group>"; };
/* End PBXFileReference section */

/* Begin PBXFrameworksBuildPhase section */
		ED7909BA22EB591700469C7A /* Frameworks */ = {
			isa = PBXFrameworksBuildPhase;
			buildActionMask = 2147483647;
			files = (
			);
			runOnlyForDeploymentPostprocessing = 0;
		};
/* End PBXFrameworksBuildPhase section */

/* Begin PBXGroup section */
		ED7909B422EB591700469C7A = {
			isa = PBXGroup;
			children = (
				ED7909BF22EB591700469C7A /* EuropeanTravelPartner */,
				ED7909BE22EB591700469C7A /* Products */,
			);
			sourceTree = "<group>";
		};
		ED7909BE22EB591700469C7A /* Products */ = {
			isa = PBXGroup;
			children = (
				ED7909BD22EB591700469C7A /* EuropeanTravelPartner.app */,
			);
			name = Products;
			sourceTree = "<group>";
		};
		ED7909BF22EB591700469C7A /* EuropeanTravelPartner */ = {
			isa = PBXGroup;
			children = (
				ED7909C022EB591700469C7A /* AppDelegate.swift */,
				ED7909C222EB591700469C7A /* ViewController.swift */,
				EDD8DF3922F235D200A53707 /* TransferViewController.swift */,
				EDD8DF3722F22F3800A53707 /* ExcursionListViewController.swift */,
				ED7909D422EB643000469C7A /* ExcursionViewController.swift */,
				1F02F88B230031F50077939B /* ExcursionList.swift */,
				1F5D1C6522F596DA004BA827 /* ImageTableViewCell.swift */,
				EDD8DF3B22F56B7600A53707 /* ProfileViewController.swift */,
				EDD8DF3D22F56BF400A53707 /* RegistrationViewController.swift */,
				EDD8DF3F22F56CDF00A53707 /* YoursProfileViewController.swift */,
				ED7909D222EB5C9700469C7A /* About.storyboard */,
				ED7909C422EB591700469C7A /* Main.storyboard */,
				ED7909C722EB591900469C7A /* Assets.xcassets */,
				ED7909C922EB591900469C7A /* LaunchScreen.storyboard */,
				ED7909CC22EB591900469C7A /* Info.plist */,
			);
			path = EuropeanTravelPartner;
			sourceTree = "<group>";
		};
/* End PBXGroup section */

/* Begin PBXNativeTarget section */
		ED7909BC22EB591700469C7A /* EuropeanTravelPartner */ = {
			isa = PBXNativeTarget;
			buildConfigurationList = ED7909CF22EB591900469C7A /* Build configuration list for PBXNativeTarget "EuropeanTravelPartner" */;
			buildPhases = (
				ED7909B922EB591700469C7A /* Sources */,
				ED7909BA22EB591700469C7A /* Frameworks */,
				ED7909BB22EB591700469C7A /* Resources */,
			);
			buildRules = (
			);
			dependencies = (
			);
			name = EuropeanTravelPartner;
			productName = EuropeanTravelPartner;
			productReference = ED7909BD22EB591700469C7A /* EuropeanTravelPartner.app */;
			productType = "com.apple.product-type.application";
		};
/* End PBXNativeTarget section */

/* Begin PBXProject section */
		ED7909B522EB591700469C7A /* Project object */ = {
			isa = PBXProject;
			attributes = {
				LastSwiftUpdateCheck = 1030;
				LastUpgradeCheck = 1030;
				ORGANIZATIONNAME = "Kirill Zaikin";
				TargetAttributes = {
					ED7909BC22EB591700469C7A = {
						CreatedOnToolsVersion = 10.3;
					};
				};
			};
			buildConfigurationList = ED7909B822EB591700469C7A /* Build configuration list for PBXProject "EuropeanTravelPartner" */;
			compatibilityVersion = "Xcode 9.3";
			developmentRegion = en;
			hasScannedForEncodings = 0;
			knownRegions = (
				en,
				Base,
			);
			mainGroup = ED7909B422EB591700469C7A;
			productRefGroup = ED7909BE22EB591700469C7A /* Products */;
			projectDirPath = "";
			projectRoot = "";
			targets = (
				ED7909BC22EB591700469C7A /* EuropeanTravelPartner */,
			);
		};
/* End PBXProject section */

/* Begin PBXResourcesBuildPhase section */
		ED7909BB22EB591700469C7A /* Resources */ = {
			isa = PBXResourcesBuildPhase;
			buildActionMask = 2147483647;
			files = (
				ED7909CB22EB591900469C7A /* LaunchScreen.storyboard in Resources */,
				ED7909C822EB591900469C7A /* Assets.xcassets in Resources */,
				ED7909D322EB5C9700469C7A /* About.storyboard in Resources */,
				ED7909C622EB591700469C7A /* Main.storyboard in Resources */,
			);
			runOnlyForDeploymentPostprocessing = 0;
		};
/* End PBXResourcesBuildPhase section */

/* Begin PBXSourcesBuildPhase section */
		ED7909B922EB591700469C7A /* Sources */ = {
			isa = PBXSourcesBuildPhase;
			buildActionMask = 2147483647;
			files = (
				EDD8DF3C22F56B7600A53707 /* ProfileViewController.swift in Sources */,
				ED7909C322EB591700469C7A /* ViewController.swift in Sources */,
				EDD8DF4022F56CDF00A53707 /* YoursProfileViewController.swift in Sources */,
				1F5D1C6622F596DA004BA827 /* ImageTableViewCell.swift in Sources */,
				EDD8DF3A22F235D200A53707 /* TransferViewController.swift in Sources */,
				EDD8DF3822F22F3800A53707 /* ExcursionListViewController.swift in Sources */,
				1F02F88C230031F50077939B /* ExcursionList.swift in Sources */,
				EDD8DF3E22F56BF400A53707 /* RegistrationViewController.swift in Sources */,
				ED7909C122EB591700469C7A /* AppDelegate.swift in Sources */,
				ED7909D522EB643000469C7A /* ExcursionViewController.swift in Sources */,
			);
			runOnlyForDeploymentPostprocessing = 0;
		};
/* End PBXSourcesBuildPhase section */

/* Begin PBXVariantGroup section */
		ED7909C422EB591700469C7A /* Main.storyboard */ = {
			isa = PBXVariantGroup;
			children = (
				ED7909C522EB591700469C7A /* Base */,
			);
			name = Main.storyboard;
			sourceTree = "<group>";
		};
		ED7909C922EB591900469C7A /* LaunchScreen.storyboard */ = {
			isa = PBXVariantGroup;
			children = (
				ED7909CA22EB591900469C7A /* Base */,
			);
			name = LaunchScreen.storyboard;
			sourceTree = "<group>";
		};
/* End PBXVariantGroup section */

/* Begin XCBuildConfiguration section */
		ED7909CD22EB591900469C7A /* Debug */ = {
			isa = XCBuildConfiguration;
			buildSettings = {
				ALWAYS_SEARCH_USER_PATHS = NO;
				CLANG_ANALYZER_NONNULL = YES;
				CLANG_ANALYZER_NUMBER_OBJECT_CONVERSION = YES_AGGRESSIVE;
				CLANG_CXX_LANGUAGE_STANDARD = "gnu++14";
				CLANG_CXX_LIBRARY = "libc++";
				CLANG_ENABLE_MODULES = YES;
				CLANG_ENABLE_OBJC_ARC = YES;
				CLANG_ENABLE_OBJC_WEAK = YES;
				CLANG_WARN_BLOCK_CAPTURE_AUTORELEASING = YES;
				CLANG_WARN_BOOL_CONVERSION = YES;
				CLANG_WARN_COMMA = YES;
				CLANG_WARN_CONSTANT_CONVERSION = YES;
				CLANG_WARN_DEPRECATED_OBJC_IMPLEMENTATIONS = YES;
				CLANG_WARN_DIRECT_OBJC_ISA_USAGE = YES_ERROR;
				CLANG_WARN_DOCUMENTATION_COMMENTS = YES;
				CLANG_WARN_EMPTY_BODY = YES;
				CLANG_WARN_ENUM_CONVERSION = YES;
				CLANG_WARN_INFINITE_RECURSION = YES;
				CLANG_WARN_INT_CONVERSION = YES;
				CLANG_WARN_NON_LITERAL_NULL_CONVERSION = YES;
				CLANG_WARN_OBJC_IMPLICIT_RETAIN_SELF = YES;
				CLANG_WARN_OBJC_LITERAL_CONVERSION = YES;
				CLANG_WARN_OBJC_ROOT_CLASS = YES_ERROR;
				CLANG_WARN_RANGE_LOOP_ANALYSIS = YES;
				CLANG_WARN_STRICT_PROTOTYPES = YES;
				CLANG_WARN_SUSPICIOUS_MOVE = YES;
				CLANG_WARN_UNGUARDED_AVAILABILITY = YES_AGGRESSIVE;
				CLANG_WARN_UNREACHABLE_CODE = YES;
				CLANG_WARN__DUPLICATE_METHOD_MATCH = YES;
				CODE_SIGN_IDENTITY = "iPhone Developer";
				COPY_PHASE_STRIP = NO;
				DEBUG_INFORMATION_FORMAT = dwarf;
				ENABLE_STRICT_OBJC_MSGSEND = YES;
				ENABLE_TESTABILITY = YES;
				GCC_C_LANGUAGE_STANDARD = gnu11;
				GCC_DYNAMIC_NO_PIC = NO;
				GCC_NO_COMMON_BLOCKS = YES;
				GCC_OPTIMIZATION_LEVEL = 0;
				GCC_PREPROCESSOR_DEFINITIONS = (
					"DEBUG=1",
					"$(inherited)",
				);
				GCC_WARN_64_TO_32_BIT_CONVERSION = YES;
				GCC_WARN_ABOUT_RETURN_TYPE = YES_ERROR;
				GCC_WARN_UNDECLARED_SELECTOR = YES;
				GCC_WARN_UNINITIALIZED_AUTOS = YES_AGGRESSIVE;
				GCC_WARN_UNUSED_FUNCTION = YES;
				GCC_WARN_UNUSED_VARIABLE = YES;
				IPHONEOS_DEPLOYMENT_TARGET = 10.0;
				MTL_ENABLE_DEBUG_INFO = INCLUDE_SOURCE;
				MTL_FAST_MATH = YES;
				ONLY_ACTIVE_ARCH = YES;
				SDKROOT = iphoneos;
				SWIFT_ACTIVE_COMPILATION_CONDITIONS = DEBUG;
				SWIFT_OPTIMIZATION_LEVEL = "-Onone";
			};
			name = Debug;
		};
		ED7909CE22EB591900469C7A /* Release */ = {
			isa = XCBuildConfiguration;
			buildSettings = {
				ALWAYS_SEARCH_USER_PATHS = NO;
				CLANG_ANALYZER_NONNULL = YES;
				CLANG_ANALYZER_NUMBER_OBJECT_CONVERSION = YES_AGGRESSIVE;
				CLANG_CXX_LANGUAGE_STANDARD = "gnu++14";
				CLANG_CXX_LIBRARY = "libc++";
				CLANG_ENABLE_MODULES = YES;
				CLANG_ENABLE_OBJC_ARC = YES;
				CLANG_ENABLE_OBJC_WEAK = YES;
				CLANG_WARN_BLOCK_CAPTURE_AUTORELEASING = YES;
				CLANG_WARN_BOOL_CONVERSION = YES;
				CLANG_WARN_COMMA = YES;
				CLANG_WARN_CONSTANT_CONVERSION = YES;
				CLANG_WARN_DEPRECATED_OBJC_IMPLEMENTATIONS = YES;
				CLANG_WARN_DIRECT_OBJC_ISA_USAGE = YES_ERROR;
				CLANG_WARN_DOCUMENTATION_COMMENTS = YES;
				CLANG_WARN_EMPTY_BODY = YES;
				CLANG_WARN_ENUM_CONVERSION = YES;
				CLANG_WARN_INFINITE_RECURSION = YES;
				CLANG_WARN_INT_CONVERSION = YES;
				CLANG_WARN_NON_LITERAL_NULL_CONVERSION = YES;
				CLANG_WARN_OBJC_IMPLICIT_RETAIN_SELF = YES;
				CLANG_WARN_OBJC_LITERAL_CONVERSION = YES;
				CLANG_WARN_OBJC_ROOT_CLASS = YES_ERROR;
				CLANG_WARN_RANGE_LOOP_ANALYSIS = YES;
				CLANG_WARN_STRICT_PROTOTYPES = YES;
				CLANG_WARN_SUSPICIOUS_MOVE = YES;
				CLANG_WARN_UNGUARDED_AVAILABILITY = YES_AGGRESSIVE;
				CLANG_WARN_UNREACHABLE_CODE = YES;
				CLANG_WARN__DUPLICATE_METHOD_MATCH = YES;
				CODE_SIGN_IDENTITY = "iPhone Developer";
				COPY_PHASE_STRIP = NO;
				DEBUG_INFORMATION_FORMAT = "dwarf-with-dsym";
				ENABLE_NS_ASSERTIONS = NO;
				ENABLE_STRICT_OBJC_MSGSEND = YES;
				GCC_C_LANGUAGE_STANDARD = gnu11;
				GCC_NO_COMMON_BLOCKS = YES;
				GCC_WARN_64_TO_32_BIT_CONVERSION = YES;
				GCC_WARN_ABOUT_RETURN_TYPE = YES_ERROR;
				GCC_WARN_UNDECLARED_SELECTOR = YES;
				GCC_WARN_UNINITIALIZED_AUTOS = YES_AGGRESSIVE;
				GCC_WARN_UNUSED_FUNCTION = YES;
				GCC_WARN_UNUSED_VARIABLE = YES;
				IPHONEOS_DEPLOYMENT_TARGET = 10.0;
				MTL_ENABLE_DEBUG_INFO = NO;
				MTL_FAST_MATH = YES;
				SDKROOT = iphoneos;
				SWIFT_COMPILATION_MODE = wholemodule;
				SWIFT_OPTIMIZATION_LEVEL = "-O";
				VALIDATE_PRODUCT = YES;
			};
			name = Release;
		};
		ED7909D022EB591900469C7A /* Debug */ = {
			isa = XCBuildConfiguration;
			buildSettings = {
				ASSETCATALOG_COMPILER_APPICON_NAME = AppIcon;
				CODE_SIGN_STYLE = Automatic;
				DEVELOPMENT_TEAM = 3J7BL32MKN;
				INFOPLIST_FILE = EuropeanTravelPartner/Info.plist;
				LD_RUNPATH_SEARCH_PATHS = (
					"$(inherited)",
					"@executable_path/Frameworks",
				);
				PRODUCT_BUNDLE_IDENTIFIER = kirill.zaikin.EuropeanTravelPartner;
				PRODUCT_NAME = "$(TARGET_NAME)";
				SWIFT_VERSION = 5.0;
				TARGETED_DEVICE_FAMILY = "1,2";
			};
			name = Debug;
		};
		ED7909D122EB591900469C7A /* Release */ = {
			isa = XCBuildConfiguration;
			buildSettings = {
				ASSETCATALOG_COMPILER_APPICON_NAME = AppIcon;
				CODE_SIGN_STYLE = Automatic;
				DEVELOPMENT_TEAM = 3J7BL32MKN;
				INFOPLIST_FILE = EuropeanTravelPartner/Info.plist;
				LD_RUNPATH_SEARCH_PATHS = (
					"$(inherited)",
					"@executable_path/Frameworks",
				);
				PRODUCT_BUNDLE_IDENTIFIER = kirill.zaikin.EuropeanTravelPartner;
				PRODUCT_NAME = "$(TARGET_NAME)";
				SWIFT_VERSION = 5.0;
				TARGETED_DEVICE_FAMILY = "1,2";
			};
			name = Release;
		};
/* End XCBuildConfiguration section */

/* Begin XCConfigurationList section */
		ED7909B822EB591700469C7A /* Build configuration list for PBXProject "EuropeanTravelPartner" */ = {
			isa = XCConfigurationList;
			buildConfigurations = (
				ED7909CD22EB591900469C7A /* Debug */,
				ED7909CE22EB591900469C7A /* Release */,
			);
			defaultConfigurationIsVisible = 0;
			defaultConfigurationName = Release;
		};
		ED7909CF22EB591900469C7A /* Build configuration list for PBXNativeTarget "EuropeanTravelPartner" */ = {
			isa = XCConfigurationList;
			buildConfigurations = (
				ED7909D022EB591900469C7A /* Debug */,
				ED7909D122EB591900469C7A /* Release */,
			);
			defaultConfigurationIsVisible = 0;
			defaultConfigurationName = Release;
		};
/* End XCConfigurationList section */
	};
	rootObject = ED7909B522EB591700469C7A /* Project object */;
}
